
Microsoft Visual Studio Solution File, Format Version 12.00
# Visual Studio 15
VisualStudioVersion = 15.0.27130.2027
MinimumVisualStudioVersion = 10.0.40219.1
Project("{FAE04EC0-301F-11D3-BF4B-00C04F79EFBC}") = "Simulador Maquinas de Turing", "Simulador Maquinas de Turing\Simulador Maquinas de Turing.csproj", "{CA298DC1-5C99-4FDA-8067-15B0871B6C86}"
EndProject
Global
	GlobalSection(SolutionConfigurationPlatforms) = preSolution
		Debug|Any CPU = Debug|Any CPU
		Release|Any CPU = Release|Any CPU
	EndGlobalSection
	GlobalSection(ProjectConfigurationPlatforms) = postSolution
		{CA298DC1-5C99-4FDA-8067-15B0871B6C86}.Debug|Any CPU.ActiveCfg = Debug|Any CPU
		{CA298DC1-5C99-4FDA-8067-15B0871B6C86}.Debug|Any CPU.Build.0 = Debug|Any CPU
		{CA298DC1-5C99-4FDA-8067-15B0871B6C86}.Release|Any CPU.ActiveCfg = Release|Any CPU
		{CA298DC1-5C99-4FDA-8067-15B0871B6C86}.Release|Any CPU.Build.0 = Release|Any CPU
	EndGlobalSection
	GlobalSection(SolutionProperties) = preSolution
		HideSolutionNode = FALSE
	EndGlobalSection
	GlobalSection(ExtensibilityGlobals) = postSolution
		SolutionGuid = {824AE1AF-72C2-4D48-A2CB-62133085759F}
	EndGlobalSection
EndGlobal
